// !$*UTF8*$!
{
	archiveVersion = 1;
	classes = {
	};
	objectVersion = 48;
	objects = {

/* Begin PBXBuildFile section */
		D2131E77201CF8070096A5CF /* AppDelegate.swift in Sources */ = {isa = PBXBuildFile; fileRef = D2131E76201CF8070096A5CF /* AppDelegate.swift */; };
		D2131E79201CF8070096A5CF /* WorthItHomeViewController.swift in Sources */ = {isa = PBXBuildFile; fileRef = D2131E78201CF8070096A5CF /* WorthItHomeViewController.swift */; };
		D2131E7E201CF8070096A5CF /* Assets.xcassets in Resources */ = {isa = PBXBuildFile; fileRef = D2131E7D201CF8070096A5CF /* Assets.xcassets */; };
		D2131E81201CF8070096A5CF /* LaunchScreen.storyboard in Resources */ = {isa = PBXBuildFile; fileRef = D2131E7F201CF8070096A5CF /* LaunchScreen.storyboard */; };
		D2131E8B201CFFD20096A5CF /* WorthItHomeView.swift in Sources */ = {isa = PBXBuildFile; fileRef = D2131E8A201CFFD20096A5CF /* WorthItHomeView.swift */; };
		EE04A45174B5CE38B23E4831 /* Pods_WorthIt.framework in Frameworks */ = {isa = PBXBuildFile; fileRef = B522F302521EA3BB517CD05B /* Pods_WorthIt.framework */; };
/* End PBXBuildFile section */

/* Begin PBXFileReference section */
		B522F302521EA3BB517CD05B /* Pods_WorthIt.framework */ = {isa = PBXFileReference; explicitFileType = wrapper.framework; includeInIndex = 0; path = Pods_WorthIt.framework; sourceTree = BUILT_PRODUCTS_DIR; };
		C95F2B534E01EEBCDA477BE0 /* Pods-WorthIt.debug.xcconfig */ = {isa = PBXFileReference; includeInIndex = 1; lastKnownFileType = text.xcconfig; name = "Pods-WorthIt.debug.xcconfig"; path = "Pods/Target Support Files/Pods-WorthIt/Pods-WorthIt.debug.xcconfig"; sourceTree = "<group>"; };
		D2131E73201CF8070096A5CF /* WorthIt.app */ = {isa = PBXFileReference; explicitFileType = wrapper.application; includeInIndex = 0; path = WorthIt.app; sourceTree = BUILT_PRODUCTS_DIR; };
		D2131E76201CF8070096A5CF /* AppDelegate.swift */ = {isa = PBXFileReference; lastKnownFileType = sourcecode.swift; path = AppDelegate.swift; sourceTree = "<group>"; };
		D2131E78201CF8070096A5CF /* WorthItHomeViewController.swift */ = {isa = PBXFileReference; lastKnownFileType = sourcecode.swift; path = WorthItHomeViewController.swift; sourceTree = "<group>"; };
		D2131E7D201CF8070096A5CF /* Assets.xcassets */ = {isa = PBXFileReference; lastKnownFileType = folder.assetcatalog; path = Assets.xcassets; sourceTree = "<group>"; };
		D2131E80201CF8070096A5CF /* Base */ = {isa = PBXFileReference; lastKnownFileType = file.storyboard; name = Base; path = Base.lproj/LaunchScreen.storyboard; sourceTree = "<group>"; };
		D2131E82201CF8070096A5CF /* Info.plist */ = {isa = PBXFileReference; lastKnownFileType = text.plist.xml; path = Info.plist; sourceTree = "<group>"; };
		D2131E8A201CFFD20096A5CF /* WorthItHomeView.swift */ = {isa = PBXFileReference; lastKnownFileType = sourcecode.swift; path = WorthItHomeView.swift; sourceTree = "<group>"; };
		E4AC7C0F509654522494142D /* Pods-WorthIt.release.xcconfig */ = {isa = PBXFileReference; includeInIndex = 1; lastKnownFileType = text.xcconfig; name = "Pods-WorthIt.release.xcconfig"; path = "Pods/Target Support Files/Pods-WorthIt/Pods-WorthIt.release.xcconfig"; sourceTree = "<group>"; };
/* End PBXFileReference section */

/* Begin PBXFrameworksBuildPhase section */
		D2131E70201CF8070096A5CF /* Frameworks */ = {
			isa = PBXFrameworksBuildPhase;
			buildActionMask = 2147483647;
			files = (
				EE04A45174B5CE38B23E4831 /* Pods_WorthIt.framework in Frameworks */,
			);
			runOnlyForDeploymentPostprocessing = 0;
		};
/* End PBXFrameworksBuildPhase section */

/* Begin PBXGroup section */
		21D42D076AACF701418C97F4 /* Pods */ = {
			isa = PBXGroup;
			children = (
				C95F2B534E01EEBCDA477BE0 /* Pods-WorthIt.debug.xcconfig */,
				E4AC7C0F509654522494142D /* Pods-WorthIt.release.xcconfig */,
			);
			name = Pods;
			sourceTree = "<group>";
		};
		B001B36B7AA4F506C6013927 /* Frameworks */ = {
			isa = PBXGroup;
			children = (
				B522F302521EA3BB517CD05B /* Pods_WorthIt.framework */,
			);
			name = Frameworks;
			sourceTree = "<group>";
		};
		D2131E6A201CF8070096A5CF = {
			isa = PBXGroup;
			children = (
				D2131E75201CF8070096A5CF /* WorthIt */,
				D2131E74201CF8070096A5CF /* Products */,
				21D42D076AACF701418C97F4 /* Pods */,
				B001B36B7AA4F506C6013927 /* Frameworks */,
			);
			sourceTree = "<group>";
		};
		D2131E74201CF8070096A5CF /* Products */ = {
			isa = PBXGroup;
			children = (
				D2131E73201CF8070096A5CF /* WorthIt.app */,
			);
			name = Products;
			sourceTree = "<group>";
		};
		D2131E75201CF8070096A5CF /* WorthIt */ = {
			isa = PBXGroup;
			children = (
				D2131E89201CF85C0096A5CF /* View Controllers */,
				D2131E88201CF83F0096A5CF /* Supporting Files */,
				D2131E82201CF8070096A5CF /* Info.plist */,
			);
			path = WorthIt;
			sourceTree = "<group>";
		};
		D2131E88201CF83F0096A5CF /* Supporting Files */ = {
			isa = PBXGroup;
			children = (
				D2131E76201CF8070096A5CF /* AppDelegate.swift */,
				D2131E7D201CF8070096A5CF /* Assets.xcassets */,
				D2131E7F201CF8070096A5CF /* LaunchScreen.storyboard */,
			);
			path = "Supporting Files";
			sourceTree = "<group>";
		};
		D2131E89201CF85C0096A5CF /* View Controllers */ = {
			isa = PBXGroup;
			children = (
				D2131E78201CF8070096A5CF /* WorthItHomeViewController.swift */,
				D2131E8C201D005D0096A5CF /* Views */,
			);
			path = "View Controllers";
			sourceTree = "<group>";
		};
		D2131E8C201D005D0096A5CF /* Views */ = {
			isa = PBXGroup;
			children = (
				D2131E8A201CFFD20096A5CF /* WorthItHomeView.swift */,
			);
			path = Views;
			sourceTree = "<group>";
		};
/* End PBXGroup section */

/* Begin PBXNativeTarget section */
		D2131E72201CF8070096A5CF /* WorthIt */ = {
			isa = PBXNativeTarget;
			buildConfigurationList = D2131E85201CF8070096A5CF /* Build configuration list for PBXNativeTarget "WorthIt" */;
			buildPhases = (
				96A92BC77265D9BF882B0524 /* [CP] Check Pods Manifest.lock */,
				D2131E6F201CF8070096A5CF /* Sources */,
				D2131E70201CF8070096A5CF /* Frameworks */,
				D2131E71201CF8070096A5CF /* Resources */,
				539D649BD65E82BB2273FF76 /* [CP] Embed Pods Frameworks */,
				BDD3DD61D36BE09AA50C7B2F /* [CP] Copy Pods Resources */,
			);
			buildRules = (
			);
			dependencies = (
			);
			name = WorthIt;
			productName = WorthIt;
			productReference = D2131E73201CF8070096A5CF /* WorthIt.app */;
			productType = "com.apple.product-type.application";
		};
/* End PBXNativeTarget section */

/* Begin PBXProject section */
		D2131E6B201CF8070096A5CF /* Project object */ = {
			isa = PBXProject;
			attributes = {
				LastSwiftUpdateCheck = 0920;
				LastUpgradeCheck = 0920;
				ORGANIZATIONNAME = "Lisa J";
				TargetAttributes = {
					D2131E72201CF8070096A5CF = {
						CreatedOnToolsVersion = 9.2;
						ProvisioningStyle = Automatic;
					};
				};
			};
			buildConfigurationList = D2131E6E201CF8070096A5CF /* Build configuration list for PBXProject "WorthIt" */;
			compatibilityVersion = "Xcode 8.0";
			developmentRegion = en;
			hasScannedForEncodings = 0;
			knownRegions = (
				en,
				Base,
			);
			mainGroup = D2131E6A201CF8070096A5CF;
			productRefGroup = D2131E74201CF8070096A5CF /* Products */;
			projectDirPath = "";
			projectRoot = "";
			targets = (
				D2131E72201CF8070096A5CF /* WorthIt */,
			);
		};
/* End PBXProject section */

/* Begin PBXResourcesBuildPhase section */
		D2131E71201CF8070096A5CF /* Resources */ = {
			isa = PBXResourcesBuildPhase;
			buildActionMask = 2147483647;
			files = (
				D2131E81201CF8070096A5CF /* LaunchScreen.storyboard in Resources */,
				D2131E7E201CF8070096A5CF /* Assets.xcassets in Resources */,
			);
			runOnlyForDeploymentPostprocessing = 0;
		};
/* End PBXResourcesBuildPhase section */

/* Begin PBXShellScriptBuildPhase section */
		539D649BD65E82BB2273FF76 /* [CP] Embed Pods Frameworks */ = {
			isa = PBXShellScriptBuildPhase;
			buildActionMask = 2147483647;
			files = (
			);
			inputPaths = (
				"${SRCROOT}/Pods/Target Support Files/Pods-WorthIt/Pods-WorthIt-frameworks.sh",
				"${BUILT_PRODUCTS_DIR}/SnapKit/SnapKit.framework",
			);
			name = "[CP] Embed Pods Frameworks";
			outputPaths = (
				"${TARGET_BUILD_DIR}/${FRAMEWORKS_FOLDER_PATH}/SnapKit.framework",
			);
			runOnlyForDeploymentPostprocessing = 0;
			shellPath = /bin/sh;
			shellScript = "\"${SRCROOT}/Pods/Target Support Files/Pods-WorthIt/Pods-WorthIt-frameworks.sh\"\n";
			showEnvVarsInLog = 0;
		};
		96A92BC77265D9BF882B0524 /* [CP] Check Pods Manifest.lock */ = {
			isa = PBXShellScriptBuildPhase;
			buildActionMask = 2147483647;
			files = (
			);
			inputPaths = (
				"${PODS_PODFILE_DIR_PATH}/Podfile.lock",
				"${PODS_ROOT}/Manifest.lock",
			);
			name = "[CP] Check Pods Manifest.lock";
			outputPaths = (
				"$(DERIVED_FILE_DIR)/Pods-WorthIt-checkManifestLockResult.txt",
			);
			runOnlyForDeploymentPostprocessing = 0;
			shellPath = /bin/sh;
			shellScript = "diff \"${PODS_PODFILE_DIR_PATH}/Podfile.lock\" \"${PODS_ROOT}/Manifest.lock\" > /dev/null\nif [ $? != 0 ] ; then\n    # print error to STDERR\n    echo \"error: The sandbox is not in sync with the Podfile.lock. Run 'pod install' or update your CocoaPods installation.\" >&2\n    exit 1\nfi\n# This output is used by Xcode 'outputs' to avoid re-running this script phase.\necho \"SUCCESS\" > \"${SCRIPT_OUTPUT_FILE_0}\"\n";
			showEnvVarsInLog = 0;
		};
		BDD3DD61D36BE09AA50C7B2F /* [CP] Copy Pods Resources */ = {
			isa = PBXShellScriptBuildPhase;
			buildActionMask = 2147483647;
			files = (
			);
			inputPaths = (
			);
			name = "[CP] Copy Pods Resources";
			outputPaths = (
			);
			runOnlyForDeploymentPostprocessing = 0;
			shellPath = /bin/sh;
			shellScript = "\"${SRCROOT}/Pods/Target Support Files/Pods-WorthIt/Pods-WorthIt-resources.sh\"\n";
			showEnvVarsInLog = 0;
		};
/* End PBXShellScriptBuildPhase section */

/* Begin PBXSourcesBuildPhase section */
		D2131E6F201CF8070096A5CF /* Sources */ = {
			isa = PBXSourcesBuildPhase;
			buildActionMask = 2147483647;
			files = (
				D2131E79201CF8070096A5CF /* WorthItHomeViewController.swift in Sources */,
				D2131E77201CF8070096A5CF /* AppDelegate.swift in Sources */,
				D2131E8B201CFFD20096A5CF /* WorthItHomeView.swift in Sources */,
			);
			runOnlyForDeploymentPostprocessing = 0;
		};
/* End PBXSourcesBuildPhase section */

/* Begin PBXVariantGroup section */
		D2131E7F201CF8070096A5CF /* LaunchScreen.storyboard */ = {
			isa = PBXVariantGroup;
			children = (
				D2131E80201CF8070096A5CF /* Base */,
			);
			name = LaunchScreen.storyboard;
			sourceTree = "<group>";
		};
/* End PBXVariantGroup section */

/* Begin XCBuildConfiguration section */
		D2131E83201CF8070096A5CF /* Debug */ = {
			isa = XCBuildConfiguration;
			buildSettings = {
				ALWAYS_SEARCH_USER_PATHS = NO;
				CLANG_ANALYZER_NONNULL = YES;
				CLANG_ANALYZER_NUMBER_OBJECT_CONVERSION = YES_AGGRESSIVE;
				CLANG_CXX_LANGUAGE_STANDARD = "gnu++14";
				CLANG_CXX_LIBRARY = "libc++";
				CLANG_ENABLE_MODULES = YES;
				CLANG_ENABLE_OBJC_ARC = YES;
				CLANG_WARN_BLOCK_CAPTURE_AUTORELEASING = YES;
				CLANG_WARN_BOOL_CONVERSION = YES;
				CLANG_WARN_COMMA = YES;
				CLANG_WARN_CONSTANT_CONVERSION = YES;
				CLANG_WARN_DIRECT_OBJC_ISA_USAGE = YES_ERROR;
				CLANG_WARN_DOCUMENTATION_COMMENTS = YES;
				CLANG_WARN_EMPTY_BODY = YES;
				CLANG_WARN_ENUM_CONVERSION = YES;
				CLANG_WARN_INFINITE_RECURSION = YES;
				CLANG_WARN_INT_CONVERSION = YES;
				CLANG_WARN_NON_LITERAL_NULL_CONVERSION = YES;
				CLANG_WARN_OBJC_LITERAL_CONVERSION = YES;
				CLANG_WARN_OBJC_ROOT_CLASS = YES_ERROR;
				CLANG_WARN_RANGE_LOOP_ANALYSIS = YES;
				CLANG_WARN_STRICT_PROTOTYPES = YES;
				CLANG_WARN_SUSPICIOUS_MOVE = YES;
				CLANG_WARN_UNGUARDED_AVAILABILITY = YES_AGGRESSIVE;
				CLANG_WARN_UNREACHABLE_CODE = YES;
				CLANG_WARN__DUPLICATE_METHOD_MATCH = YES;
				CODE_SIGN_IDENTITY = "iPhone Developer";
				COPY_PHASE_STRIP = NO;
				DEBUG_INFORMATION_FORMAT = dwarf;
				ENABLE_STRICT_OBJC_MSGSEND = YES;
				ENABLE_TESTABILITY = YES;
				GCC_C_LANGUAGE_STANDARD = gnu11;
				GCC_DYNAMIC_NO_PIC = NO;
				GCC_NO_COMMON_BLOCKS = YES;
				GCC_OPTIMIZATION_LEVEL = 0;
				GCC_PREPROCESSOR_DEFINITIONS = (
					"DEBUG=1",
					"$(inherited)",
				);
				GCC_WARN_64_TO_32_BIT_CONVERSION = YES;
				GCC_WARN_ABOUT_RETURN_TYPE = YES_ERROR;
				GCC_WARN_UNDECLARED_SELECTOR = YES;
				GCC_WARN_UNINITIALIZED_AUTOS = YES_AGGRESSIVE;
				GCC_WARN_UNUSED_FUNCTION = YES;
				GCC_WARN_UNUSED_VARIABLE = YES;
				IPHONEOS_DEPLOYMENT_TARGET = 11.2;
				MTL_ENABLE_DEBUG_INFO = YES;
				ONLY_ACTIVE_ARCH = YES;
				SDKROOT = iphoneos;
				SWIFT_ACTIVE_COMPILATION_CONDITIONS = DEBUG;
				SWIFT_OPTIMIZATION_LEVEL = "-Onone";
			};
			name = Debug;
		};
		D2131E84201CF8070096A5CF /* Release */ = {
			isa = XCBuildConfiguration;
			buildSettings = {
				ALWAYS_SEARCH_USER_PATHS = NO;
				CLANG_ANALYZER_NONNULL = YES;
				CLANG_ANALYZER_NUMBER_OBJECT_CONVERSION = YES_AGGRESSIVE;
				CLANG_CXX_LANGUAGE_STANDARD = "gnu++14";
				CLANG_CXX_LIBRARY = "libc++";
				CLANG_ENABLE_MODULES = YES;
				CLANG_ENABLE_OBJC_ARC = YES;
				CLANG_WARN_BLOCK_CAPTURE_AUTORELEASING = YES;
				CLANG_WARN_BOOL_CONVERSION = YES;
				CLANG_WARN_COMMA = YES;
				CLANG_WARN_CONSTANT_CONVERSION = YES;
				CLANG_WARN_DIRECT_OBJC_ISA_USAGE = YES_ERROR;
				CLANG_WARN_DOCUMENTATION_COMMENTS = YES;
				CLANG_WARN_EMPTY_BODY = YES;
				CLANG_WARN_ENUM_CONVERSION = YES;
				CLANG_WARN_INFINITE_RECURSION = YES;
				CLANG_WARN_INT_CONVERSION = YES;
				CLANG_WARN_NON_LITERAL_NULL_CONVERSION = YES;
				CLANG_WARN_OBJC_LITERAL_CONVERSION = YES;
				CLANG_WARN_OBJC_ROOT_CLASS = YES_ERROR;
				CLANG_WARN_RANGE_LOOP_ANALYSIS = YES;
				CLANG_WARN_STRICT_PROTOTYPES = YES;
				CLANG_WARN_SUSPICIOUS_MOVE = YES;
				CLANG_WARN_UNGUARDED_AVAILABILITY = YES_AGGRESSIVE;
				CLANG_WARN_UNREACHABLE_CODE = YES;
				CLANG_WARN__DUPLICATE_METHOD_MATCH = YES;
				CODE_SIGN_IDENTITY = "iPhone Developer";
				COPY_PHASE_STRIP = NO;
				DEBUG_INFORMATION_FORMAT = "dwarf-with-dsym";
				ENABLE_NS_ASSERTIONS = NO;
				ENABLE_STRICT_OBJC_MSGSEND = YES;
				GCC_C_LANGUAGE_STANDARD = gnu11;
				GCC_NO_COMMON_BLOCKS = YES;
				GCC_WARN_64_TO_32_BIT_CONVERSION = YES;
				GCC_WARN_ABOUT_RETURN_TYPE = YES_ERROR;
				GCC_WARN_UNDECLARED_SELECTOR = YES;
				GCC_WARN_UNINITIALIZED_AUTOS = YES_AGGRESSIVE;
				GCC_WARN_UNUSED_FUNCTION = YES;
				GCC_WARN_UNUSED_VARIABLE = YES;
				IPHONEOS_DEPLOYMENT_TARGET = 11.2;
				MTL_ENABLE_DEBUG_INFO = NO;
				SDKROOT = iphoneos;
				SWIFT_OPTIMIZATION_LEVEL = "-Owholemodule";
				VALIDATE_PRODUCT = YES;
			};
			name = Release;
		};
		D2131E86201CF8070096A5CF /* Debug */ = {
			isa = XCBuildConfiguration;
			baseConfigurationReference = C95F2B534E01EEBCDA477BE0 /* Pods-WorthIt.debug.xcconfig */;
			buildSettings = {
				ASSETCATALOG_COMPILER_APPICON_NAME = AppIcon;
				CODE_SIGN_STYLE = Automatic;
				DEVELOPMENT_TEAM = J4UC96YYKT;
				INFOPLIST_FILE = WorthIt/Info.plist;
				LD_RUNPATH_SEARCH_PATHS = "$(inherited) @executable_path/Frameworks";
				PRODUCT_BUNDLE_IDENTIFIER = "lisa-j.WorthIt";
				PRODUCT_NAME = "$(TARGET_NAME)";
				SWIFT_VERSION = 4.0;
				TARGETED_DEVICE_FAMILY = "1,2";
			};
			name = Debug;
		};
		D2131E87201CF8070096A5CF /* Release */ = {
			isa = XCBuildConfiguration;
			baseConfigurationReference = E4AC7C0F509654522494142D /* Pods-WorthIt.release.xcconfig */;
			buildSettings = {
				ASSETCATALOG_COMPILER_APPICON_NAME = AppIcon;
				CODE_SIGN_STYLE = Automatic;
				DEVELOPMENT_TEAM = J4UC96YYKT;
				INFOPLIST_FILE = WorthIt/Info.plist;
				LD_RUNPATH_SEARCH_PATHS = "$(inherited) @executable_path/Frameworks";
				PRODUCT_BUNDLE_IDENTIFIER = "lisa-j.WorthIt";
				PRODUCT_NAME = "$(TARGET_NAME)";
				SWIFT_VERSION = 4.0;
				TARGETED_DEVICE_FAMILY = "1,2";
			};
			name = Release;
		};
/* End XCBuildConfiguration section */

/* Begin XCConfigurationList section */
		D2131E6E201CF8070096A5CF /* Build configuration list for PBXProject "WorthIt" */ = {
			isa = XCConfigurationList;
			buildConfigurations = (
				D2131E83201CF8070096A5CF /* Debug */,
				D2131E84201CF8070096A5CF /* Release */,
			);
			defaultConfigurationIsVisible = 0;
			defaultConfigurationName = Release;
		};
		D2131E85201CF8070096A5CF /* Build configuration list for PBXNativeTarget "WorthIt" */ = {
			isa = XCConfigurationList;
			buildConfigurations = (
				D2131E86201CF8070096A5CF /* Debug */,
				D2131E87201CF8070096A5CF /* Release */,
			);
			defaultConfigurationIsVisible = 0;
			defaultConfigurationName = Release;
		};
/* End XCConfigurationList section */
	};
	rootObject = D2131E6B201CF8070096A5CF /* Project object */;
}
